
Microsoft Visual Studio Solution File, Format Version 12.00
# Visual Studio Version 16
VisualStudioVersion = 25.0.1704.0
MinimumVisualStudioVersion = 10.0.40219.1
Project("{FAE04EC0-301F-11D3-BF4B-00C04F79EFBC}") = "ibinderCICD", "ibinderCICD\ibinderCICD.csproj", "{C5BFA478-B3A6-4C34-A769-AED0A257A5B9}"
EndProject
Global
	GlobalSection(SolutionConfigurationPlatforms) = preSolution
		Debug|Any CPU = Debug|Any CPU
		Release|Any CPU = Release|Any CPU
	EndGlobalSection
	GlobalSection(ProjectConfigurationPlatforms) = postSolution
		{C5BFA478-B3A6-4C34-A769-AED0A257A5B9}.Debug|Any CPU.ActiveCfg = Debug|Any CPU
		{C5BFA478-B3A6-4C34-A769-AED0A257A5B9}.Debug|Any CPU.Build.0 = Debug|Any CPU
		{C5BFA478-B3A6-4C34-A769-AED0A257A5B9}.Release|Any CPU.ActiveCfg = Release|Any CPU
		{C5BFA478-B3A6-4C34-A769-AED0A257A5B9}.Release|Any CPU.Build.0 = Release|Any CPU
	EndGlobalSection
	GlobalSection(SolutionProperties) = preSolution
		HideSolutionNode = FALSE
	EndGlobalSection
	GlobalSection(ExtensibilityGlobals) = postSolution
		SolutionGuid = {0D103CC4-0FB7-4D2E-BE11-BC11F0E2C15A}
	EndGlobalSection
EndGlobal
